// !$*UTF8*$!
{
	archiveVersion = 1;
	classes = {
	};
	objectVersion = 56;
	objects = {

/* Begin PBXBuildFile section */
		C132589E298395ED0058EB12 /* AppDelegate.swift in Sources */ = {isa = PBXBuildFile; fileRef = C132589D298395ED0058EB12 /* AppDelegate.swift */; };
		C13258A0298395ED0058EB12 /* SceneDelegate.swift in Sources */ = {isa = PBXBuildFile; fileRef = C132589F298395ED0058EB12 /* SceneDelegate.swift */; };
		C13258A5298395ED0058EB12 /* Main.storyboard in Resources */ = {isa = PBXBuildFile; fileRef = C13258A3298395ED0058EB12 /* Main.storyboard */; };
		C13258A7298395EE0058EB12 /* Assets.xcassets in Resources */ = {isa = PBXBuildFile; fileRef = C13258A6298395EE0058EB12 /* Assets.xcassets */; };
		C13258AA298395EE0058EB12 /* LaunchScreen.storyboard in Resources */ = {isa = PBXBuildFile; fileRef = C13258A8298395EE0058EB12 /* LaunchScreen.storyboard */; };
		C13258B5298395EE0058EB12 /* OrderAppTests.swift in Sources */ = {isa = PBXBuildFile; fileRef = C13258B4298395EE0058EB12 /* OrderAppTests.swift */; };
		C13258BF298395EE0058EB12 /* OrderAppUITests.swift in Sources */ = {isa = PBXBuildFile; fileRef = C13258BE298395EE0058EB12 /* OrderAppUITests.swift */; };
		C13258C1298395EE0058EB12 /* OrderAppUITestsLaunchTests.swift in Sources */ = {isa = PBXBuildFile; fileRef = C13258C0298395EE0058EB12 /* OrderAppUITestsLaunchTests.swift */; };
		C13258CE2983A1850058EB12 /* CategoryTableViewController.swift in Sources */ = {isa = PBXBuildFile; fileRef = C13258CD2983A1850058EB12 /* CategoryTableViewController.swift */; };
		C13258D02983A1910058EB12 /* MenuTableViewController.swift in Sources */ = {isa = PBXBuildFile; fileRef = C13258CF2983A1910058EB12 /* MenuTableViewController.swift */; };
		C13258D22983A19E0058EB12 /* OrderTableViewController.swift in Sources */ = {isa = PBXBuildFile; fileRef = C13258D12983A19E0058EB12 /* OrderTableViewController.swift */; };
		C13258D42983A3230058EB12 /* MenuItemDetailViewController.swift in Sources */ = {isa = PBXBuildFile; fileRef = C13258D32983A3230058EB12 /* MenuItemDetailViewController.swift */; };
		C13258D72983A7A40058EB12 /* MenuItem.swift in Sources */ = {isa = PBXBuildFile; fileRef = C13258D62983A7A40058EB12 /* MenuItem.swift */; };
		C13258DA2983AB5A0058EB12 /* MenuResponse.swift in Sources */ = {isa = PBXBuildFile; fileRef = C13258D92983AB5A0058EB12 /* MenuResponse.swift */; };
		C13258DC2983ABE70058EB12 /* CategoriesResponse.swift in Sources */ = {isa = PBXBuildFile; fileRef = C13258DB2983ABE70058EB12 /* CategoriesResponse.swift */; };
		C13258DE2983AC620058EB12 /* OrderResponse.swift in Sources */ = {isa = PBXBuildFile; fileRef = C13258DD2983AC620058EB12 /* OrderResponse.swift */; };
		C13258E12983ADA80058EB12 /* Order.swift in Sources */ = {isa = PBXBuildFile; fileRef = C13258E02983ADA80058EB12 /* Order.swift */; };
		C13258E32983B60E0058EB12 /* APIRequest.swift in Sources */ = {isa = PBXBuildFile; fileRef = C13258E22983B60E0058EB12 /* APIRequest.swift */; };
		C13258E62983BBC40058EB12 /* NetworkController.swift in Sources */ = {isa = PBXBuildFile; fileRef = C13258E52983BBC40058EB12 /* NetworkController.swift */; };
		C13258E92983C29E0058EB12 /* RestaurantAPIRequest.swift in Sources */ = {isa = PBXBuildFile; fileRef = C13258E82983C29E0058EB12 /* RestaurantAPIRequest.swift */; };
		C13258EC2983C5640058EB12 /* RestaurantCategoriesGetAPIRequest.swift in Sources */ = {isa = PBXBuildFile; fileRef = C13258EB2983C5640058EB12 /* RestaurantCategoriesGetAPIRequest.swift */; };
		C13258EE29841AE70058EB12 /* RestaurantMenuItemsGetAPIRequest.swift in Sources */ = {isa = PBXBuildFile; fileRef = C13258ED29841AE70058EB12 /* RestaurantMenuItemsGetAPIRequest.swift */; };
		C13258F2298425A30058EB12 /* RestaurantOrderPostAPIRequest.swift in Sources */ = {isa = PBXBuildFile; fileRef = C13258F1298425A30058EB12 /* RestaurantOrderPostAPIRequest.swift */; };
		C13258F429842FFB0058EB12 /* RestaurantController.swift in Sources */ = {isa = PBXBuildFile; fileRef = C13258F329842FFB0058EB12 /* RestaurantController.swift */; };
		C17F37FC2984EBF6005F6B4D /* Extensions+URLRequest.swift in Sources */ = {isa = PBXBuildFile; fileRef = C17F37FB2984EBF6005F6B4D /* Extensions+URLRequest.swift */; };
		C17F37FE298505A5005F6B4D /* Extensions+UIViewController.swift in Sources */ = {isa = PBXBuildFile; fileRef = C17F37FD298505A5005F6B4D /* Extensions+UIViewController.swift */; };
		C1BE54872987AFA400240CA3 /* OrderConfirmationViewController.swift in Sources */ = {isa = PBXBuildFile; fileRef = C1BE54862987AFA400240CA3 /* OrderConfirmationViewController.swift */; };
/* End PBXBuildFile section */

/* Begin PBXContainerItemProxy section */
		C13258B1298395EE0058EB12 /* PBXContainerItemProxy */ = {
			isa = PBXContainerItemProxy;
			containerPortal = C1325892298395ED0058EB12 /* Project object */;
			proxyType = 1;
			remoteGlobalIDString = C1325899298395ED0058EB12;
			remoteInfo = OrderApp;
		};
		C13258BB298395EE0058EB12 /* PBXContainerItemProxy */ = {
			isa = PBXContainerItemProxy;
			containerPortal = C1325892298395ED0058EB12 /* Project object */;
			proxyType = 1;
			remoteGlobalIDString = C1325899298395ED0058EB12;
			remoteInfo = OrderApp;
		};
/* End PBXContainerItemProxy section */

/* Begin PBXFileReference section */
		C132589A298395ED0058EB12 /* OrderApp.app */ = {isa = PBXFileReference; explicitFileType = wrapper.application; includeInIndex = 0; path = OrderApp.app; sourceTree = BUILT_PRODUCTS_DIR; };
		C132589D298395ED0058EB12 /* AppDelegate.swift */ = {isa = PBXFileReference; lastKnownFileType = sourcecode.swift; path = AppDelegate.swift; sourceTree = "<group>"; };
		C132589F298395ED0058EB12 /* SceneDelegate.swift */ = {isa = PBXFileReference; lastKnownFileType = sourcecode.swift; path = SceneDelegate.swift; sourceTree = "<group>"; };
		C13258A4298395ED0058EB12 /* Base */ = {isa = PBXFileReference; lastKnownFileType = file.storyboard; name = Base; path = Base.lproj/Main.storyboard; sourceTree = "<group>"; };
		C13258A6298395EE0058EB12 /* Assets.xcassets */ = {isa = PBXFileReference; lastKnownFileType = folder.assetcatalog; path = Assets.xcassets; sourceTree = "<group>"; };
		C13258A9298395EE0058EB12 /* Base */ = {isa = PBXFileReference; lastKnownFileType = file.storyboard; name = Base; path = Base.lproj/LaunchScreen.storyboard; sourceTree = "<group>"; };
		C13258AB298395EE0058EB12 /* Info.plist */ = {isa = PBXFileReference; lastKnownFileType = text.plist.xml; path = Info.plist; sourceTree = "<group>"; };
		C13258B0298395EE0058EB12 /* OrderAppTests.xctest */ = {isa = PBXFileReference; explicitFileType = wrapper.cfbundle; includeInIndex = 0; path = OrderAppTests.xctest; sourceTree = BUILT_PRODUCTS_DIR; };
		C13258B4298395EE0058EB12 /* OrderAppTests.swift */ = {isa = PBXFileReference; lastKnownFileType = sourcecode.swift; path = OrderAppTests.swift; sourceTree = "<group>"; };
		C13258BA298395EE0058EB12 /* OrderAppUITests.xctest */ = {isa = PBXFileReference; explicitFileType = wrapper.cfbundle; includeInIndex = 0; path = OrderAppUITests.xctest; sourceTree = BUILT_PRODUCTS_DIR; };
		C13258BE298395EE0058EB12 /* OrderAppUITests.swift */ = {isa = PBXFileReference; lastKnownFileType = sourcecode.swift; path = OrderAppUITests.swift; sourceTree = "<group>"; };
		C13258C0298395EE0058EB12 /* OrderAppUITestsLaunchTests.swift */ = {isa = PBXFileReference; lastKnownFileType = sourcecode.swift; path = OrderAppUITestsLaunchTests.swift; sourceTree = "<group>"; };
		C13258CD2983A1850058EB12 /* CategoryTableViewController.swift */ = {isa = PBXFileReference; lastKnownFileType = sourcecode.swift; path = CategoryTableViewController.swift; sourceTree = "<group>"; };
		C13258CF2983A1910058EB12 /* MenuTableViewController.swift */ = {isa = PBXFileReference; lastKnownFileType = sourcecode.swift; path = MenuTableViewController.swift; sourceTree = "<group>"; };
		C13258D12983A19E0058EB12 /* OrderTableViewController.swift */ = {isa = PBXFileReference; lastKnownFileType = sourcecode.swift; path = OrderTableViewController.swift; sourceTree = "<group>"; };
		C13258D32983A3230058EB12 /* MenuItemDetailViewController.swift */ = {isa = PBXFileReference; lastKnownFileType = sourcecode.swift; path = MenuItemDetailViewController.swift; sourceTree = "<group>"; };
		C13258D62983A7A40058EB12 /* MenuItem.swift */ = {isa = PBXFileReference; lastKnownFileType = sourcecode.swift; path = MenuItem.swift; sourceTree = "<group>"; };
		C13258D92983AB5A0058EB12 /* MenuResponse.swift */ = {isa = PBXFileReference; lastKnownFileType = sourcecode.swift; path = MenuResponse.swift; sourceTree = "<group>"; };
		C13258DB2983ABE70058EB12 /* CategoriesResponse.swift */ = {isa = PBXFileReference; lastKnownFileType = sourcecode.swift; path = CategoriesResponse.swift; sourceTree = "<group>"; };
		C13258DD2983AC620058EB12 /* OrderResponse.swift */ = {isa = PBXFileReference; lastKnownFileType = sourcecode.swift; path = OrderResponse.swift; sourceTree = "<group>"; };
		C13258E02983ADA80058EB12 /* Order.swift */ = {isa = PBXFileReference; lastKnownFileType = sourcecode.swift; path = Order.swift; sourceTree = "<group>"; };
		C13258E22983B60E0058EB12 /* APIRequest.swift */ = {isa = PBXFileReference; lastKnownFileType = sourcecode.swift; path = APIRequest.swift; sourceTree = "<group>"; };
		C13258E52983BBC40058EB12 /* NetworkController.swift */ = {isa = PBXFileReference; lastKnownFileType = sourcecode.swift; path = NetworkController.swift; sourceTree = "<group>"; };
		C13258E82983C29E0058EB12 /* RestaurantAPIRequest.swift */ = {isa = PBXFileReference; lastKnownFileType = sourcecode.swift; path = RestaurantAPIRequest.swift; sourceTree = "<group>"; };
		C13258EB2983C5640058EB12 /* RestaurantCategoriesGetAPIRequest.swift */ = {isa = PBXFileReference; lastKnownFileType = sourcecode.swift; path = RestaurantCategoriesGetAPIRequest.swift; sourceTree = "<group>"; };
		C13258ED29841AE70058EB12 /* RestaurantMenuItemsGetAPIRequest.swift */ = {isa = PBXFileReference; lastKnownFileType = sourcecode.swift; path = RestaurantMenuItemsGetAPIRequest.swift; sourceTree = "<group>"; };
		C13258F1298425A30058EB12 /* RestaurantOrderPostAPIRequest.swift */ = {isa = PBXFileReference; lastKnownFileType = sourcecode.swift; path = RestaurantOrderPostAPIRequest.swift; sourceTree = "<group>"; };
		C13258F329842FFB0058EB12 /* RestaurantController.swift */ = {isa = PBXFileReference; lastKnownFileType = sourcecode.swift; path = RestaurantController.swift; sourceTree = "<group>"; };
		C17F37FB2984EBF6005F6B4D /* Extensions+URLRequest.swift */ = {isa = PBXFileReference; lastKnownFileType = sourcecode.swift; path = "Extensions+URLRequest.swift"; sourceTree = "<group>"; };
		C17F37FD298505A5005F6B4D /* Extensions+UIViewController.swift */ = {isa = PBXFileReference; lastKnownFileType = sourcecode.swift; path = "Extensions+UIViewController.swift"; sourceTree = "<group>"; };
		C1BE54862987AFA400240CA3 /* OrderConfirmationViewController.swift */ = {isa = PBXFileReference; lastKnownFileType = sourcecode.swift; path = OrderConfirmationViewController.swift; sourceTree = "<group>"; };
/* End PBXFileReference section */

/* Begin PBXFrameworksBuildPhase section */
		C1325897298395ED0058EB12 /* Frameworks */ = {
			isa = PBXFrameworksBuildPhase;
			buildActionMask = 2147483647;
			files = (
			);
			runOnlyForDeploymentPostprocessing = 0;
		};
		C13258AD298395EE0058EB12 /* Frameworks */ = {
			isa = PBXFrameworksBuildPhase;
			buildActionMask = 2147483647;
			files = (
			);
			runOnlyForDeploymentPostprocessing = 0;
		};
		C13258B7298395EE0058EB12 /* Frameworks */ = {
			isa = PBXFrameworksBuildPhase;
			buildActionMask = 2147483647;
			files = (
			);
			runOnlyForDeploymentPostprocessing = 0;
		};
/* End PBXFrameworksBuildPhase section */

/* Begin PBXGroup section */
		C1325891298395ED0058EB12 = {
			isa = PBXGroup;
			children = (
				C132589C298395ED0058EB12 /* OrderApp */,
				C13258B3298395EE0058EB12 /* OrderAppTests */,
				C13258BD298395EE0058EB12 /* OrderAppUITests */,
				C132589B298395ED0058EB12 /* Products */,
			);
			sourceTree = "<group>";
		};
		C132589B298395ED0058EB12 /* Products */ = {
			isa = PBXGroup;
			children = (
				C132589A298395ED0058EB12 /* OrderApp.app */,
				C13258B0298395EE0058EB12 /* OrderAppTests.xctest */,
				C13258BA298395EE0058EB12 /* OrderAppUITests.xctest */,
			);
			name = Products;
			sourceTree = "<group>";
		};
		C132589C298395ED0058EB12 /* OrderApp */ = {
			isa = PBXGroup;
			children = (
				C132589D298395ED0058EB12 /* AppDelegate.swift */,
				C132589F298395ED0058EB12 /* SceneDelegate.swift */,
				C13258D52983A56A0058EB12 /* View controllers */,
				C13258D82983A7B10058EB12 /* Models */,
				C13258E72983C0E10058EB12 /* Model controllers */,
				C13258E42983B67D0058EB12 /* Protocols */,
				C17F37FA2984EBBB005F6B4D /* Extensions */,
				C13258A3298395ED0058EB12 /* Main.storyboard */,
				C13258A8298395EE0058EB12 /* LaunchScreen.storyboard */,
				C13258A6298395EE0058EB12 /* Assets.xcassets */,
				C13258AB298395EE0058EB12 /* Info.plist */,
			);
			path = OrderApp;
			sourceTree = "<group>";
		};
		C13258B3298395EE0058EB12 /* OrderAppTests */ = {
			isa = PBXGroup;
			children = (
				C13258B4298395EE0058EB12 /* OrderAppTests.swift */,
			);
			path = OrderAppTests;
			sourceTree = "<group>";
		};
		C13258BD298395EE0058EB12 /* OrderAppUITests */ = {
			isa = PBXGroup;
			children = (
				C13258BE298395EE0058EB12 /* OrderAppUITests.swift */,
				C13258C0298395EE0058EB12 /* OrderAppUITestsLaunchTests.swift */,
			);
			path = OrderAppUITests;
			sourceTree = "<group>";
		};
		C13258D52983A56A0058EB12 /* View controllers */ = {
			isa = PBXGroup;
			children = (
				C13258D32983A3230058EB12 /* MenuItemDetailViewController.swift */,
				C13258CD2983A1850058EB12 /* CategoryTableViewController.swift */,
				C13258CF2983A1910058EB12 /* MenuTableViewController.swift */,
				C13258D12983A19E0058EB12 /* OrderTableViewController.swift */,
				C1BE54862987AFA400240CA3 /* OrderConfirmationViewController.swift */,
			);
			path = "View controllers";
			sourceTree = "<group>";
		};
		C13258D82983A7B10058EB12 /* Models */ = {
			isa = PBXGroup;
			children = (
				C13258D62983A7A40058EB12 /* MenuItem.swift */,
				C13258E02983ADA80058EB12 /* Order.swift */,
				C13258DF2983AD1B0058EB12 /* Response models */,
				C13258EA2983C5220058EB12 /* Request models */,
			);
			path = Models;
			sourceTree = "<group>";
		};
		C13258DF2983AD1B0058EB12 /* Response models */ = {
			isa = PBXGroup;
			children = (
				C13258D92983AB5A0058EB12 /* MenuResponse.swift */,
				C13258DB2983ABE70058EB12 /* CategoriesResponse.swift */,
				C13258DD2983AC620058EB12 /* OrderResponse.swift */,
			);
			path = "Response models";
			sourceTree = "<group>";
		};
		C13258E42983B67D0058EB12 /* Protocols */ = {
			isa = PBXGroup;
			children = (
				C13258E22983B60E0058EB12 /* APIRequest.swift */,
				C13258E82983C29E0058EB12 /* RestaurantAPIRequest.swift */,
			);
			path = Protocols;
			sourceTree = "<group>";
		};
		C13258E72983C0E10058EB12 /* Model controllers */ = {
			isa = PBXGroup;
			children = (
				C13258E52983BBC40058EB12 /* NetworkController.swift */,
				C13258F329842FFB0058EB12 /* RestaurantController.swift */,
			);
			path = "Model controllers";
			sourceTree = "<group>";
		};
		C13258EA2983C5220058EB12 /* Request models */ = {
			isa = PBXGroup;
			children = (
				C13258EB2983C5640058EB12 /* RestaurantCategoriesGetAPIRequest.swift */,
				C13258ED29841AE70058EB12 /* RestaurantMenuItemsGetAPIRequest.swift */,
				C13258F1298425A30058EB12 /* RestaurantOrderPostAPIRequest.swift */,
			);
			path = "Request models";
			sourceTree = "<group>";
		};
		C17F37FA2984EBBB005F6B4D /* Extensions */ = {
			isa = PBXGroup;
			children = (
				C17F37FB2984EBF6005F6B4D /* Extensions+URLRequest.swift */,
				C17F37FD298505A5005F6B4D /* Extensions+UIViewController.swift */,
			);
			path = Extensions;
			sourceTree = "<group>";
		};
/* End PBXGroup section */

/* Begin PBXNativeTarget section */
		C1325899298395ED0058EB12 /* OrderApp */ = {
			isa = PBXNativeTarget;
			buildConfigurationList = C13258C4298395EE0058EB12 /* Build configuration list for PBXNativeTarget "OrderApp" */;
			buildPhases = (
				C1325896298395ED0058EB12 /* Sources */,
				C1325897298395ED0058EB12 /* Frameworks */,
				C1325898298395ED0058EB12 /* Resources */,
			);
			buildRules = (
			);
			dependencies = (
			);
			name = OrderApp;
			productName = OrderApp;
			productReference = C132589A298395ED0058EB12 /* OrderApp.app */;
			productType = "com.apple.product-type.application";
		};
		C13258AF298395EE0058EB12 /* OrderAppTests */ = {
			isa = PBXNativeTarget;
			buildConfigurationList = C13258C7298395EE0058EB12 /* Build configuration list for PBXNativeTarget "OrderAppTests" */;
			buildPhases = (
				C13258AC298395EE0058EB12 /* Sources */,
				C13258AD298395EE0058EB12 /* Frameworks */,
				C13258AE298395EE0058EB12 /* Resources */,
			);
			buildRules = (
			);
			dependencies = (
				C13258B2298395EE0058EB12 /* PBXTargetDependency */,
			);
			name = OrderAppTests;
			productName = OrderAppTests;
			productReference = C13258B0298395EE0058EB12 /* OrderAppTests.xctest */;
			productType = "com.apple.product-type.bundle.unit-test";
		};
		C13258B9298395EE0058EB12 /* OrderAppUITests */ = {
			isa = PBXNativeTarget;
			buildConfigurationList = C13258CA298395EE0058EB12 /* Build configuration list for PBXNativeTarget "OrderAppUITests" */;
			buildPhases = (
				C13258B6298395EE0058EB12 /* Sources */,
				C13258B7298395EE0058EB12 /* Frameworks */,
				C13258B8298395EE0058EB12 /* Resources */,
			);
			buildRules = (
			);
			dependencies = (
				C13258BC298395EE0058EB12 /* PBXTargetDependency */,
			);
			name = OrderAppUITests;
			productName = OrderAppUITests;
			productReference = C13258BA298395EE0058EB12 /* OrderAppUITests.xctest */;
			productType = "com.apple.product-type.bundle.ui-testing";
		};
/* End PBXNativeTarget section */

/* Begin PBXProject section */
		C1325892298395ED0058EB12 /* Project object */ = {
			isa = PBXProject;
			attributes = {
				BuildIndependentTargetsInParallel = 1;
				LastSwiftUpdateCheck = 1420;
				LastUpgradeCheck = 1420;
				TargetAttributes = {
					C1325899298395ED0058EB12 = {
						CreatedOnToolsVersion = 14.2;
					};
					C13258AF298395EE0058EB12 = {
						CreatedOnToolsVersion = 14.2;
						TestTargetID = C1325899298395ED0058EB12;
					};
					C13258B9298395EE0058EB12 = {
						CreatedOnToolsVersion = 14.2;
						TestTargetID = C1325899298395ED0058EB12;
					};
				};
			};
			buildConfigurationList = C1325895298395ED0058EB12 /* Build configuration list for PBXProject "OrderApp" */;
			compatibilityVersion = "Xcode 14.0";
			developmentRegion = en;
			hasScannedForEncodings = 0;
			knownRegions = (
				en,
				Base,
			);
			mainGroup = C1325891298395ED0058EB12;
			productRefGroup = C132589B298395ED0058EB12 /* Products */;
			projectDirPath = "";
			projectRoot = "";
			targets = (
				C1325899298395ED0058EB12 /* OrderApp */,
				C13258AF298395EE0058EB12 /* OrderAppTests */,
				C13258B9298395EE0058EB12 /* OrderAppUITests */,
			);
		};
/* End PBXProject section */

/* Begin PBXResourcesBuildPhase section */
		C1325898298395ED0058EB12 /* Resources */ = {
			isa = PBXResourcesBuildPhase;
			buildActionMask = 2147483647;
			files = (
				C13258AA298395EE0058EB12 /* LaunchScreen.storyboard in Resources */,
				C13258A7298395EE0058EB12 /* Assets.xcassets in Resources */,
				C13258A5298395ED0058EB12 /* Main.storyboard in Resources */,
			);
			runOnlyForDeploymentPostprocessing = 0;
		};
		C13258AE298395EE0058EB12 /* Resources */ = {
			isa = PBXResourcesBuildPhase;
			buildActionMask = 2147483647;
			files = (
			);
			runOnlyForDeploymentPostprocessing = 0;
		};
		C13258B8298395EE0058EB12 /* Resources */ = {
			isa = PBXResourcesBuildPhase;
			buildActionMask = 2147483647;
			files = (
			);
			runOnlyForDeploymentPostprocessing = 0;
		};
/* End PBXResourcesBuildPhase section */

/* Begin PBXSourcesBuildPhase section */
		C1325896298395ED0058EB12 /* Sources */ = {
			isa = PBXSourcesBuildPhase;
			buildActionMask = 2147483647;
			files = (
				C13258D72983A7A40058EB12 /* MenuItem.swift in Sources */,
				C13258DA2983AB5A0058EB12 /* MenuResponse.swift in Sources */,
				C13258D02983A1910058EB12 /* MenuTableViewController.swift in Sources */,
				C13258DC2983ABE70058EB12 /* CategoriesResponse.swift in Sources */,
				C13258EE29841AE70058EB12 /* RestaurantMenuItemsGetAPIRequest.swift in Sources */,
				C13258E12983ADA80058EB12 /* Order.swift in Sources */,
				C13258D42983A3230058EB12 /* MenuItemDetailViewController.swift in Sources */,
				C13258DE2983AC620058EB12 /* OrderResponse.swift in Sources */,
				C13258F429842FFB0058EB12 /* RestaurantController.swift in Sources */,
				C17F37FC2984EBF6005F6B4D /* Extensions+URLRequest.swift in Sources */,
				C13258EC2983C5640058EB12 /* RestaurantCategoriesGetAPIRequest.swift in Sources */,
				C1BE54872987AFA400240CA3 /* OrderConfirmationViewController.swift in Sources */,
				C13258E92983C29E0058EB12 /* RestaurantAPIRequest.swift in Sources */,
				C17F37FE298505A5005F6B4D /* Extensions+UIViewController.swift in Sources */,
				C13258D22983A19E0058EB12 /* OrderTableViewController.swift in Sources */,
				C132589E298395ED0058EB12 /* AppDelegate.swift in Sources */,
				C13258F2298425A30058EB12 /* RestaurantOrderPostAPIRequest.swift in Sources */,
				C13258A0298395ED0058EB12 /* SceneDelegate.swift in Sources */,
				C13258E32983B60E0058EB12 /* APIRequest.swift in Sources */,
				C13258CE2983A1850058EB12 /* CategoryTableViewController.swift in Sources */,
				C13258E62983BBC40058EB12 /* NetworkController.swift in Sources */,
			);
			runOnlyForDeploymentPostprocessing = 0;
		};
		C13258AC298395EE0058EB12 /* Sources */ = {
			isa = PBXSourcesBuildPhase;
			buildActionMask = 2147483647;
			files = (
				C13258B5298395EE0058EB12 /* OrderAppTests.swift in Sources */,
			);
			runOnlyForDeploymentPostprocessing = 0;
		};
		C13258B6298395EE0058EB12 /* Sources */ = {
			isa = PBXSourcesBuildPhase;
			buildActionMask = 2147483647;
			files = (
				C13258C1298395EE0058EB12 /* OrderAppUITestsLaunchTests.swift in Sources */,
				C13258BF298395EE0058EB12 /* OrderAppUITests.swift in Sources */,
			);
			runOnlyForDeploymentPostprocessing = 0;
		};
/* End PBXSourcesBuildPhase section */

/* Begin PBXTargetDependency section */
		C13258B2298395EE0058EB12 /* PBXTargetDependency */ = {
			isa = PBXTargetDependency;
			target = C1325899298395ED0058EB12 /* OrderApp */;
			targetProxy = C13258B1298395EE0058EB12 /* PBXContainerItemProxy */;
		};
		C13258BC298395EE0058EB12 /* PBXTargetDependency */ = {
			isa = PBXTargetDependency;
			target = C1325899298395ED0058EB12 /* OrderApp */;
			targetProxy = C13258BB298395EE0058EB12 /* PBXContainerItemProxy */;
		};
/* End PBXTargetDependency section */

/* Begin PBXVariantGroup section */
		C13258A3298395ED0058EB12 /* Main.storyboard */ = {
			isa = PBXVariantGroup;
			children = (
				C13258A4298395ED0058EB12 /* Base */,
			);
			name = Main.storyboard;
			sourceTree = "<group>";
		};
		C13258A8298395EE0058EB12 /* LaunchScreen.storyboard */ = {
			isa = PBXVariantGroup;
			children = (
				C13258A9298395EE0058EB12 /* Base */,
			);
			name = LaunchScreen.storyboard;
			sourceTree = "<group>";
		};
/* End PBXVariantGroup section */

/* Begin XCBuildConfiguration section */
		C13258C2298395EE0058EB12 /* Debug */ = {
			isa = XCBuildConfiguration;
			buildSettings = {
				ALWAYS_SEARCH_USER_PATHS = NO;
				CLANG_ANALYZER_NONNULL = YES;
				CLANG_ANALYZER_NUMBER_OBJECT_CONVERSION = YES_AGGRESSIVE;
				CLANG_CXX_LANGUAGE_STANDARD = "gnu++20";
				CLANG_ENABLE_MODULES = YES;
				CLANG_ENABLE_OBJC_ARC = YES;
				CLANG_ENABLE_OBJC_WEAK = YES;
				CLANG_WARN_BLOCK_CAPTURE_AUTORELEASING = YES;
				CLANG_WARN_BOOL_CONVERSION = YES;
				CLANG_WARN_COMMA = YES;
				CLANG_WARN_CONSTANT_CONVERSION = YES;
				CLANG_WARN_DEPRECATED_OBJC_IMPLEMENTATIONS = YES;
				CLANG_WARN_DIRECT_OBJC_ISA_USAGE = YES_ERROR;
				CLANG_WARN_DOCUMENTATION_COMMENTS = YES;
				CLANG_WARN_EMPTY_BODY = YES;
				CLANG_WARN_ENUM_CONVERSION = YES;
				CLANG_WARN_INFINITE_RECURSION = YES;
				CLANG_WARN_INT_CONVERSION = YES;
				CLANG_WARN_NON_LITERAL_NULL_CONVERSION = YES;
				CLANG_WARN_OBJC_IMPLICIT_RETAIN_SELF = YES;
				CLANG_WARN_OBJC_LITERAL_CONVERSION = YES;
				CLANG_WARN_OBJC_ROOT_CLASS = YES_ERROR;
				CLANG_WARN_QUOTED_INCLUDE_IN_FRAMEWORK_HEADER = YES;
				CLANG_WARN_RANGE_LOOP_ANALYSIS = YES;
				CLANG_WARN_STRICT_PROTOTYPES = YES;
				CLANG_WARN_SUSPICIOUS_MOVE = YES;
				CLANG_WARN_UNGUARDED_AVAILABILITY = YES_AGGRESSIVE;
				CLANG_WARN_UNREACHABLE_CODE = YES;
				CLANG_WARN__DUPLICATE_METHOD_MATCH = YES;
				COPY_PHASE_STRIP = NO;
				DEBUG_INFORMATION_FORMAT = dwarf;
				ENABLE_STRICT_OBJC_MSGSEND = YES;
				ENABLE_TESTABILITY = YES;
				GCC_C_LANGUAGE_STANDARD = gnu11;
				GCC_DYNAMIC_NO_PIC = NO;
				GCC_NO_COMMON_BLOCKS = YES;
				GCC_OPTIMIZATION_LEVEL = 0;
				GCC_PREPROCESSOR_DEFINITIONS = (
					"DEBUG=1",
					"$(inherited)",
				);
				GCC_WARN_64_TO_32_BIT_CONVERSION = YES;
				GCC_WARN_ABOUT_RETURN_TYPE = YES_ERROR;
				GCC_WARN_UNDECLARED_SELECTOR = YES;
				GCC_WARN_UNINITIALIZED_AUTOS = YES_AGGRESSIVE;
				GCC_WARN_UNUSED_FUNCTION = YES;
				GCC_WARN_UNUSED_VARIABLE = YES;
				IPHONEOS_DEPLOYMENT_TARGET = 16.2;
				MTL_ENABLE_DEBUG_INFO = INCLUDE_SOURCE;
				MTL_FAST_MATH = YES;
				ONLY_ACTIVE_ARCH = YES;
				SDKROOT = iphoneos;
				SWIFT_ACTIVE_COMPILATION_CONDITIONS = DEBUG;
				SWIFT_OPTIMIZATION_LEVEL = "-Onone";
			};
			name = Debug;
		};
		C13258C3298395EE0058EB12 /* Release */ = {
			isa = XCBuildConfiguration;
			buildSettings = {
				ALWAYS_SEARCH_USER_PATHS = NO;
				CLANG_ANALYZER_NONNULL = YES;
				CLANG_ANALYZER_NUMBER_OBJECT_CONVERSION = YES_AGGRESSIVE;
				CLANG_CXX_LANGUAGE_STANDARD = "gnu++20";
				CLANG_ENABLE_MODULES = YES;
				CLANG_ENABLE_OBJC_ARC = YES;
				CLANG_ENABLE_OBJC_WEAK = YES;
				CLANG_WARN_BLOCK_CAPTURE_AUTORELEASING = YES;
				CLANG_WARN_BOOL_CONVERSION = YES;
				CLANG_WARN_COMMA = YES;
				CLANG_WARN_CONSTANT_CONVERSION = YES;
				CLANG_WARN_DEPRECATED_OBJC_IMPLEMENTATIONS = YES;
				CLANG_WARN_DIRECT_OBJC_ISA_USAGE = YES_ERROR;
				CLANG_WARN_DOCUMENTATION_COMMENTS = YES;
				CLANG_WARN_EMPTY_BODY = YES;
				CLANG_WARN_ENUM_CONVERSION = YES;
				CLANG_WARN_INFINITE_RECURSION = YES;
				CLANG_WARN_INT_CONVERSION = YES;
				CLANG_WARN_NON_LITERAL_NULL_CONVERSION = YES;
				CLANG_WARN_OBJC_IMPLICIT_RETAIN_SELF = YES;
				CLANG_WARN_OBJC_LITERAL_CONVERSION = YES;
				CLANG_WARN_OBJC_ROOT_CLASS = YES_ERROR;
				CLANG_WARN_QUOTED_INCLUDE_IN_FRAMEWORK_HEADER = YES;
				CLANG_WARN_RANGE_LOOP_ANALYSIS = YES;
				CLANG_WARN_STRICT_PROTOTYPES = YES;
				CLANG_WARN_SUSPICIOUS_MOVE = YES;
				CLANG_WARN_UNGUARDED_AVAILABILITY = YES_AGGRESSIVE;
				CLANG_WARN_UNREACHABLE_CODE = YES;
				CLANG_WARN__DUPLICATE_METHOD_MATCH = YES;
				COPY_PHASE_STRIP = NO;
				DEBUG_INFORMATION_FORMAT = "dwarf-with-dsym";
				ENABLE_NS_ASSERTIONS = NO;
				ENABLE_STRICT_OBJC_MSGSEND = YES;
				GCC_C_LANGUAGE_STANDARD = gnu11;
				GCC_NO_COMMON_BLOCKS = YES;
				GCC_WARN_64_TO_32_BIT_CONVERSION = YES;
				GCC_WARN_ABOUT_RETURN_TYPE = YES_ERROR;
				GCC_WARN_UNDECLARED_SELECTOR = YES;
				GCC_WARN_UNINITIALIZED_AUTOS = YES_AGGRESSIVE;
				GCC_WARN_UNUSED_FUNCTION = YES;
				GCC_WARN_UNUSED_VARIABLE = YES;
				IPHONEOS_DEPLOYMENT_TARGET = 16.2;
				MTL_ENABLE_DEBUG_INFO = NO;
				MTL_FAST_MATH = YES;
				SDKROOT = iphoneos;
				SWIFT_COMPILATION_MODE = wholemodule;
				SWIFT_OPTIMIZATION_LEVEL = "-O";
				VALIDATE_PRODUCT = YES;
			};
			name = Release;
		};
		C13258C5298395EE0058EB12 /* Debug */ = {
			isa = XCBuildConfiguration;
			buildSettings = {
				ASSETCATALOG_COMPILER_APPICON_NAME = AppIcon;
				ASSETCATALOG_COMPILER_GLOBAL_ACCENT_COLOR_NAME = AccentColor;
				CODE_SIGN_STYLE = Automatic;
				CURRENT_PROJECT_VERSION = 1;
				DEVELOPMENT_TEAM = MLY2NY4CXP;
				GENERATE_INFOPLIST_FILE = YES;
				INFOPLIST_FILE = OrderApp/Info.plist;
				INFOPLIST_KEY_UIApplicationSupportsIndirectInputEvents = YES;
				INFOPLIST_KEY_UILaunchStoryboardName = LaunchScreen;
				INFOPLIST_KEY_UIMainStoryboardFile = Main;
				INFOPLIST_KEY_UISupportedInterfaceOrientations_iPad = "UIInterfaceOrientationPortrait UIInterfaceOrientationPortraitUpsideDown UIInterfaceOrientationLandscapeLeft UIInterfaceOrientationLandscapeRight";
				INFOPLIST_KEY_UISupportedInterfaceOrientations_iPhone = "UIInterfaceOrientationPortrait UIInterfaceOrientationLandscapeLeft UIInterfaceOrientationLandscapeRight";
				LD_RUNPATH_SEARCH_PATHS = (
					"$(inherited)",
					"@executable_path/Frameworks",
				);
				MARKETING_VERSION = 1.0;
				PRODUCT_BUNDLE_IDENTIFIER = com.tistory.singularis7.OrderApp;
				PRODUCT_NAME = "$(TARGET_NAME)";
				SWIFT_EMIT_LOC_STRINGS = YES;
				SWIFT_VERSION = 5.0;
				TARGETED_DEVICE_FAMILY = "1,2";
			};
			name = Debug;
		};
		C13258C6298395EE0058EB12 /* Release */ = {
			isa = XCBuildConfiguration;
			buildSettings = {
				ASSETCATALOG_COMPILER_APPICON_NAME = AppIcon;
				ASSETCATALOG_COMPILER_GLOBAL_ACCENT_COLOR_NAME = AccentColor;
				CODE_SIGN_STYLE = Automatic;
				CURRENT_PROJECT_VERSION = 1;
				DEVELOPMENT_TEAM = MLY2NY4CXP;
				GENERATE_INFOPLIST_FILE = YES;
				INFOPLIST_FILE = OrderApp/Info.plist;
				INFOPLIST_KEY_UIApplicationSupportsIndirectInputEvents = YES;
				INFOPLIST_KEY_UILaunchStoryboardName = LaunchScreen;
				INFOPLIST_KEY_UIMainStoryboardFile = Main;
				INFOPLIST_KEY_UISupportedInterfaceOrientations_iPad = "UIInterfaceOrientationPortrait UIInterfaceOrientationPortraitUpsideDown UIInterfaceOrientationLandscapeLeft UIInterfaceOrientationLandscapeRight";
				INFOPLIST_KEY_UISupportedInterfaceOrientations_iPhone = "UIInterfaceOrientationPortrait UIInterfaceOrientationLandscapeLeft UIInterfaceOrientationLandscapeRight";
				LD_RUNPATH_SEARCH_PATHS = (
					"$(inherited)",
					"@executable_path/Frameworks",
				);
				MARKETING_VERSION = 1.0;
				PRODUCT_BUNDLE_IDENTIFIER = com.tistory.singularis7.OrderApp;
				PRODUCT_NAME = "$(TARGET_NAME)";
				SWIFT_EMIT_LOC_STRINGS = YES;
				SWIFT_VERSION = 5.0;
				TARGETED_DEVICE_FAMILY = "1,2";
			};
			name = Release;
		};
		C13258C8298395EE0058EB12 /* Debug */ = {
			isa = XCBuildConfiguration;
			buildSettings = {
				ALWAYS_EMBED_SWIFT_STANDARD_LIBRARIES = YES;
				BUNDLE_LOADER = "$(TEST_HOST)";
				CODE_SIGN_STYLE = Automatic;
				CURRENT_PROJECT_VERSION = 1;
				DEVELOPMENT_TEAM = MLY2NY4CXP;
				GENERATE_INFOPLIST_FILE = YES;
				IPHONEOS_DEPLOYMENT_TARGET = 16.2;
				MARKETING_VERSION = 1.0;
				PRODUCT_BUNDLE_IDENTIFIER = com.tistory.singularis7.OrderAppTests;
				PRODUCT_NAME = "$(TARGET_NAME)";
				SWIFT_EMIT_LOC_STRINGS = NO;
				SWIFT_VERSION = 5.0;
				TARGETED_DEVICE_FAMILY = "1,2";
				TEST_HOST = "$(BUILT_PRODUCTS_DIR)/OrderApp.app/$(BUNDLE_EXECUTABLE_FOLDER_PATH)/OrderApp";
			};
			name = Debug;
		};
		C13258C9298395EE0058EB12 /* Release */ = {
			isa = XCBuildConfiguration;
			buildSettings = {
				ALWAYS_EMBED_SWIFT_STANDARD_LIBRARIES = YES;
				BUNDLE_LOADER = "$(TEST_HOST)";
				CODE_SIGN_STYLE = Automatic;
				CURRENT_PROJECT_VERSION = 1;
				DEVELOPMENT_TEAM = MLY2NY4CXP;
				GENERATE_INFOPLIST_FILE = YES;
				IPHONEOS_DEPLOYMENT_TARGET = 16.2;
				MARKETING_VERSION = 1.0;
				PRODUCT_BUNDLE_IDENTIFIER = com.tistory.singularis7.OrderAppTests;
				PRODUCT_NAME = "$(TARGET_NAME)";
				SWIFT_EMIT_LOC_STRINGS = NO;
				SWIFT_VERSION = 5.0;
				TARGETED_DEVICE_FAMILY = "1,2";
				TEST_HOST = "$(BUILT_PRODUCTS_DIR)/OrderApp.app/$(BUNDLE_EXECUTABLE_FOLDER_PATH)/OrderApp";
			};
			name = Release;
		};
		C13258CB298395EE0058EB12 /* Debug */ = {
			isa = XCBuildConfiguration;
			buildSettings = {
				ALWAYS_EMBED_SWIFT_STANDARD_LIBRARIES = YES;
				CODE_SIGN_STYLE = Automatic;
				CURRENT_PROJECT_VERSION = 1;
				DEVELOPMENT_TEAM = MLY2NY4CXP;
				GENERATE_INFOPLIST_FILE = YES;
				MARKETING_VERSION = 1.0;
				PRODUCT_BUNDLE_IDENTIFIER = com.tistory.singularis7.OrderAppUITests;
				PRODUCT_NAME = "$(TARGET_NAME)";
				SWIFT_EMIT_LOC_STRINGS = NO;
				SWIFT_VERSION = 5.0;
				TARGETED_DEVICE_FAMILY = "1,2";
				TEST_TARGET_NAME = OrderApp;
			};
			name = Debug;
		};
		C13258CC298395EE0058EB12 /* Release */ = {
			isa = XCBuildConfiguration;
			buildSettings = {
				ALWAYS_EMBED_SWIFT_STANDARD_LIBRARIES = YES;
				CODE_SIGN_STYLE = Automatic;
				CURRENT_PROJECT_VERSION = 1;
				DEVELOPMENT_TEAM = MLY2NY4CXP;
				GENERATE_INFOPLIST_FILE = YES;
				MARKETING_VERSION = 1.0;
				PRODUCT_BUNDLE_IDENTIFIER = com.tistory.singularis7.OrderAppUITests;
				PRODUCT_NAME = "$(TARGET_NAME)";
				SWIFT_EMIT_LOC_STRINGS = NO;
				SWIFT_VERSION = 5.0;
				TARGETED_DEVICE_FAMILY = "1,2";
				TEST_TARGET_NAME = OrderApp;
			};
			name = Release;
		};
/* End XCBuildConfiguration section */

/* Begin XCConfigurationList section */
		C1325895298395ED0058EB12 /* Build configuration list for PBXProject "OrderApp" */ = {
			isa = XCConfigurationList;
			buildConfigurations = (
				C13258C2298395EE0058EB12 /* Debug */,
				C13258C3298395EE0058EB12 /* Release */,
			);
			defaultConfigurationIsVisible = 0;
			defaultConfigurationName = Release;
		};
		C13258C4298395EE0058EB12 /* Build configuration list for PBXNativeTarget "OrderApp" */ = {
			isa = XCConfigurationList;
			buildConfigurations = (
				C13258C5298395EE0058EB12 /* Debug */,
				C13258C6298395EE0058EB12 /* Release */,
			);
			defaultConfigurationIsVisible = 0;
			defaultConfigurationName = Release;
		};
		C13258C7298395EE0058EB12 /* Build configuration list for PBXNativeTarget "OrderAppTests" */ = {
			isa = XCConfigurationList;
			buildConfigurations = (
				C13258C8298395EE0058EB12 /* Debug */,
				C13258C9298395EE0058EB12 /* Release */,
			);
			defaultConfigurationIsVisible = 0;
			defaultConfigurationName = Release;
		};
		C13258CA298395EE0058EB12 /* Build configuration list for PBXNativeTarget "OrderAppUITests" */ = {
			isa = XCConfigurationList;
			buildConfigurations = (
				C13258CB298395EE0058EB12 /* Debug */,
				C13258CC298395EE0058EB12 /* Release */,
			);
			defaultConfigurationIsVisible = 0;
			defaultConfigurationName = Release;
		};
/* End XCConfigurationList section */
	};
	rootObject = C1325892298395ED0058EB12 /* Project object */;
}
