{
  "pins" : [
    {
      "identity" : "networkkit",
      "kind" : "remoteSourceControl",
      "location" : "https://github.com/smart8612/NetworkKit",
      "state" : {
        "revision" : "d3cc0de1d34d9349156317dde6b80d5349dc0b4d",
        "version" : "0.1.0-beta"
      }
    },
    {
      "identity" : "orderclient",
      "kind" : "remoteSourceControl",
      "location" : "https://github.com/smart8612/OrderClient",
      "state" : {
        "revision" : "ac60c63bcb5cb58f36c5fef7192ff49d7fc4feb9",
        "version" : "0.1.0-beta"
      }
    },
    {
      "identity" : "settingkit",
      "kind" : "remoteSourceControl",
      "location" : "https://github.com/smart8612/SettingKit",
      "state" : {
        "revision" : "e21311890f4ba88a90cabb7af64336e7fc625fb2",
        "version" : "0.1.0-alpha"
      }
    },
    {
      "identity" : "usernotificationkit",
      "kind" : "remoteSourceControl",
      "location" : "https://github.com/smart8612/UserNotificationKit",
      "state" : {
        "revision" : "ddbd65d86ead36ab78a643af87e510d3fdd32477",
        "version" : "0.1.0-beta"
      }
    }
  ],
  "version" : 2
}
